
Microsoft Visual Studio Solution File, Format Version 12.00
# Visual Studio Version 17
VisualStudioVersion = 17.6.33712.159
MinimumVisualStudioVersion = 10.0.40219.1
Project("{888888A0-9F3D-457C-B088-3A5042F75D52}") = "Debugging", "Debugging\Debugging.pyproj", "{E6EBF1AC-9980-41FE-BBA3-9DA36A741280}"
EndProject
Global
	GlobalSection(SolutionConfigurationPlatforms) = preSolution
		Debug|Any CPU = Debug|Any CPU
		Release|Any CPU = Release|Any CPU
	EndGlobalSection
	GlobalSection(ProjectConfigurationPlatforms) = postSolution
		{E6EBF1AC-9980-41FE-BBA3-9DA36A741280}.Debug|Any CPU.ActiveCfg = Debug|Any CPU
		{E6EBF1AC-9980-41FE-BBA3-9DA36A741280}.Release|Any CPU.ActiveCfg = Release|Any CPU
	EndGlobalSection
	GlobalSection(SolutionProperties) = preSolution
		HideSolutionNode = FALSE
	EndGlobalSection
	GlobalSection(ExtensibilityGlobals) = postSolution
		SolutionGuid = {563B1B91-0144-4E99-B436-CBDA5DFC7526}
	EndGlobalSection
EndGlobal
