
Microsoft Visual Studio Solution File, Format Version 12.00
# Visual Studio Version 17
VisualStudioVersion = 17.6.33712.159
MinimumVisualStudioVersion = 10.0.40219.1
Project("{888888A0-9F3D-457C-B088-3A5042F75D52}") = "Libraries", "Libraries\Libraries.pyproj", "{66CE7DBE-DBEA-4499-91A0-FAA40AD7B683}"
EndProject
Global
	GlobalSection(SolutionConfigurationPlatforms) = preSolution
		Debug|Any CPU = Debug|Any CPU
		Release|Any CPU = Release|Any CPU
	EndGlobalSection
	GlobalSection(ProjectConfigurationPlatforms) = postSolution
		{66CE7DBE-DBEA-4499-91A0-FAA40AD7B683}.Debug|Any CPU.ActiveCfg = Debug|Any CPU
		{66CE7DBE-DBEA-4499-91A0-FAA40AD7B683}.Release|Any CPU.ActiveCfg = Release|Any CPU
	EndGlobalSection
	GlobalSection(SolutionProperties) = preSolution
		HideSolutionNode = FALSE
	EndGlobalSection
	GlobalSection(ExtensibilityGlobals) = postSolution
		SolutionGuid = {DE37C794-7782-4D80-A7CF-78004F2F46F9}
	EndGlobalSection
EndGlobal
